PODS:
  - BubbleTransition (3.2.0)
  - GoogleMaps (3.1.0):
    - GoogleMaps/Maps (= 3.1.0)
  - GoogleMaps/Base (3.1.0)
  - GoogleMaps/Maps (3.1.0):
    - GoogleMaps/Base
  - GooglePlaces (3.1.0):
    - GoogleMaps/Base (= 3.1.0)
  - MBProgressHUD (1.0.0)
  - SwipeView (1.3.2)

DEPENDENCIES:
  - BubbleTransition (~> 3.2.0)
  - GoogleMaps
  - GooglePlaces
  - MBProgressHUD (~> 1.0.0)
  - SwipeView

SPEC REPOS:
  https://github.com/cocoapods/specs.git:
    - BubbleTransition
    - GoogleMaps
    - GooglePlaces
    - MBProgressHUD
    - SwipeView

SPEC CHECKSUMS:
  BubbleTransition: 2f112cc19772d9ab199bc850de92f5eb34744bce
  GoogleMaps: 5c13302e6fe6bb6e686b267196586b91cd594225
  GooglePlaces: e874db179f2675c4f3eeda0b686b540273a578b0
  MBProgressHUD: 4890f671c94e8a0f3cf959aa731e9de2f036d71a
  SwipeView: bd67cfaf7760c036438446b3ccb28a3b84fce009

PODFILE CHECKSUM: c07df743a72a44a4e8f7bec1a1f80e8271bae73a

COCOAPODS: 1.5.3
